
Microsoft Visual Studio Solution File, Format Version 12.00
# Visual Studio Version 17
VisualStudioVersion = 17.9.34622.214
MinimumVisualStudioVersion = 10.0.40219.1
Project("{9A19103F-16F7-4668-BE54-9A1E7A4F7556}") = "WebIfcFix", "WebIfcFix\WebIfcFix.csproj", "{66B22C9D-19EF-4E50-8CBC-CB0D15ACE971}"
EndProject
Project("{9A19103F-16F7-4668-BE54-9A1E7A4F7556}") = "GeometryGymIFCcore", "GeometryGymIFC\DLL Projects\GeometryGymIFCcore\GeometryGymIFCcore.csproj", "{53B98FC6-92FD-4D1A-936E-2355352CD3A6}"
EndProject
Global
	GlobalSection(SolutionConfigurationPlatforms) = preSolution
		Debug|Any CPU = Debug|Any CPU
		Release|Any CPU = Release|Any CPU
	EndGlobalSection
	GlobalSection(ProjectConfigurationPlatforms) = postSolution
		{66B22C9D-19EF-4E50-8CBC-CB0D15ACE971}.Debug|Any CPU.ActiveCfg = Debug|Any CPU
		{66B22C9D-19EF-4E50-8CBC-CB0D15ACE971}.Debug|Any CPU.Build.0 = Debug|Any CPU
		{66B22C9D-19EF-4E50-8CBC-CB0D15ACE971}.Release|Any CPU.ActiveCfg = Release|Any CPU
		{66B22C9D-19EF-4E50-8CBC-CB0D15ACE971}.Release|Any CPU.Build.0 = Release|Any CPU
		{53B98FC6-92FD-4D1A-936E-2355352CD3A6}.Debug|Any CPU.ActiveCfg = Debug|Any CPU
		{53B98FC6-92FD-4D1A-936E-2355352CD3A6}.Debug|Any CPU.Build.0 = Debug|Any CPU
		{53B98FC6-92FD-4D1A-936E-2355352CD3A6}.Release|Any CPU.ActiveCfg = Release|Any CPU
		{53B98FC6-92FD-4D1A-936E-2355352CD3A6}.Release|Any CPU.Build.0 = Release|Any CPU
	EndGlobalSection
	GlobalSection(SolutionProperties) = preSolution
		HideSolutionNode = FALSE
	EndGlobalSection
	GlobalSection(ExtensibilityGlobals) = postSolution
		SolutionGuid = {51DD979F-7CDD-4709-BD2E-535AD145CB36}
	EndGlobalSection
EndGlobal
